{
  "nodes": {
    "flake-utils": {
      "inputs": {
        "systems": "systems"
      },
      "locked": {
        "lastModified": 1731533236,
        "narHash": "sha256-l0KFg5HjrsfsO/JpG+r7fRrqm12kzFHyUHqHCVpMMbI=",
        "owner": "numtide",
        "repo": "flake-utils",
        "rev": "11707dc2f618dd54ca8739b309ec4fc024de578b",
        "type": "github"
      },
      "original": {
        "owner": "numtide",
        "repo": "flake-utils",
        "type": "github"
      }
    },
    "flake-utils_2": {
      "inputs": {
        "systems": "systems_2"
      },
      "locked": {
        "lastModified": 1731533236,
        "narHash": "sha256-l0KFg5HjrsfsO/JpG+r7fRrqm12kzFHyUHqHCVpMMbI=",
        "owner": "numtide",
        "repo": "flake-utils",
        "rev": "11707dc2f618dd54ca8739b309ec4fc024de578b",
        "type": "github"
      },
      "original": {
        "owner": "numtide",
        "repo": "flake-utils",
        "type": "github"
      }
    },
    "flake-utils_3": {
      "inputs": {
        "systems": "systems_3"
      },
      "locked": {
        "lastModified": 1726560853,
        "narHash": "sha256-X6rJYSESBVr3hBoH0WbKE5KvhPU5bloyZ2L4K60/fPQ=",
        "owner": "numtide",
        "repo": "flake-utils",
        "rev": "c1dfcf08411b08f6b8615f7d8971a2bfa81d5e8a",
        "type": "github"
      },
      "original": {
        "owner": "numtide",
        "repo": "flake-utils",
        "type": "github"
      }
    },
    "flake-utils_4": {
      "inputs": {
        "systems": "systems_4"
      },
      "locked": {
        "lastModified": 1710146030,
        "narHash": "sha256-SZ5L6eA7HJ/nmkzGG7/ISclqe6oZdOZTNoesiInkXPQ=",
        "owner": "numtide",
        "repo": "flake-utils",
        "rev": "b1d9ab70662946ef0850d488da1c9019f3a9752a",
        "type": "github"
      },
      "original": {
        "owner": "numtide",
        "repo": "flake-utils",
        "type": "github"
      }
    },
    "flake-utils_5": {
      "inputs": {
        "systems": "systems_5"
      },
      "locked": {
        "lastModified": 1731533236,
        "narHash": "sha256-l0KFg5HjrsfsO/JpG+r7fRrqm12kzFHyUHqHCVpMMbI=",
        "owner": "numtide",
        "repo": "flake-utils",
        "rev": "11707dc2f618dd54ca8739b309ec4fc024de578b",
        "type": "github"
      },
      "original": {
        "owner": "numtide",
        "repo": "flake-utils",
        "type": "github"
      }
    },
    "nixpkgs": {
      "locked": {
        "lastModified": 1748930661,
        "narHash": "sha256-x7k/DNtE15Bhc7a7u2IpSTBrHW6v6Kk5TfpHEwbbYMg=",
        "owner": "Gigahawk",
        "repo": "nixpkgs",
        "rev": "02d1a9f6eec78a9afb8a41d72b0f8f60870649ec",
        "type": "github"
      },
      "original": {
        "owner": "Gigahawk",
        "ref": "ssmm-patcher",
        "repo": "nixpkgs",
        "type": "github"
      }
    },
    "ps2isopatcher": {
      "inputs": {
        "flake-utils": "flake-utils_2",
        "nixpkgs": [
          "nixpkgs"
        ],
        "pyproject-build-systems": "pyproject-build-systems",
        "pyproject-nix": "pyproject-nix",
        "uv2nix": "uv2nix"
      },
      "locked": {
        "lastModified": 1748932341,
        "narHash": "sha256-nO+HkCFgb4jZR9RyQImnPH8Q1PeCldG3UPK0cvmw/iQ=",
        "owner": "Gigahawk",
        "repo": "ps2isopatcher",
        "rev": "e494ad2a31530d16689590b17a16e7a62431a0ab",
        "type": "github"
      },
      "original": {
        "owner": "Gigahawk",
        "repo": "ps2isopatcher",
        "type": "github"
      }
    },
    "ps2str": {
      "inputs": {
        "flake-utils": "flake-utils_3",
        "nixpkgs": [
          "nixpkgs"
        ]
      },
      "locked": {
        "lastModified": 1740564149,
        "narHash": "sha256-qVqOX6xcnZrRvBNwdzpmdWi+6S2mXCsnx9LfO6xGmHQ=",
        "owner": "Gigahawk",
        "repo": "ps2str-nix",
        "rev": "700b1d9ef971186a9d5a391fc602e654b373862f",
        "type": "github"
      },
      "original": {
        "owner": "Gigahawk",
        "repo": "ps2str-nix",
        "type": "github"
      }
    },
    "pyproject-build-systems": {
      "inputs": {
        "nixpkgs": [
          "ps2isopatcher",
          "nixpkgs"
        ],
        "pyproject-nix": [
          "ps2isopatcher",
          "pyproject-nix"
        ],
        "uv2nix": [
          "ps2isopatcher",
          "uv2nix"
        ]
      },
      "locked": {
        "lastModified": 1748562898,
        "narHash": "sha256-STk4QklrGpM3gliPKNJdBLSQvIrqRuwHI/rnYb/5rh8=",
        "owner": "pyproject-nix",
        "repo": "build-system-pkgs",
        "rev": "33bd58351957bb52dd1700ea7eeefe34de06a892",
        "type": "github"
      },
      "original": {
        "owner": "pyproject-nix",
        "repo": "build-system-pkgs",
        "type": "github"
      }
    },
    "pyproject-build-systems_2": {
      "inputs": {
        "nixpkgs": [
          "ssmm-patcher",
          "nixpkgs"
        ],
        "pyproject-nix": [
          "ssmm-patcher",
          "pyproject-nix"
        ],
        "uv2nix": [
          "ssmm-patcher",
          "uv2nix"
        ]
      },
      "locked": {
        "lastModified": 1748562898,
        "narHash": "sha256-STk4QklrGpM3gliPKNJdBLSQvIrqRuwHI/rnYb/5rh8=",
        "owner": "pyproject-nix",
        "repo": "build-system-pkgs",
        "rev": "33bd58351957bb52dd1700ea7eeefe34de06a892",
        "type": "github"
      },
      "original": {
        "owner": "pyproject-nix",
        "repo": "build-system-pkgs",
        "type": "github"
      }
    },
    "pyproject-nix": {
      "inputs": {
        "nixpkgs": [
          "ps2isopatcher",
          "nixpkgs"
        ]
      },
      "locked": {
        "lastModified": 1746540146,
        "narHash": "sha256-QxdHGNpbicIrw5t6U3x+ZxeY/7IEJ6lYbvsjXmcxFIM=",
        "owner": "pyproject-nix",
        "repo": "pyproject.nix",
        "rev": "e09c10c24ebb955125fda449939bfba664c467fd",
        "type": "github"
      },
      "original": {
        "owner": "pyproject-nix",
        "repo": "pyproject.nix",
        "type": "github"
      }
    },
    "pyproject-nix_2": {
      "inputs": {
        "nixpkgs": [
          "ssmm-patcher",
          "nixpkgs"
        ]
      },
      "locked": {
        "lastModified": 1746540146,
        "narHash": "sha256-QxdHGNpbicIrw5t6U3x+ZxeY/7IEJ6lYbvsjXmcxFIM=",
        "owner": "pyproject-nix",
        "repo": "pyproject.nix",
        "rev": "e09c10c24ebb955125fda449939bfba664c467fd",
        "type": "github"
      },
      "original": {
        "owner": "pyproject-nix",
        "repo": "pyproject.nix",
        "type": "github"
      }
    },
    "root": {
      "inputs": {
        "flake-utils": "flake-utils",
        "nixpkgs": "nixpkgs",
        "ps2isopatcher": "ps2isopatcher",
        "ps2str": "ps2str",
        "ssmm-mux": "ssmm-mux",
        "ssmm-patcher": "ssmm-patcher"
      }
    },
    "ssmm-mux": {
      "inputs": {
        "flake-utils": "flake-utils_4",
        "nixpkgs": [
          "nixpkgs"
        ]
      },
      "locked": {
        "lastModified": 1724957968,
        "narHash": "sha256-ULB+XMeK6BVJNixXmG1Zu6vPWyIgAUdZ+1hSK08QUoc=",
        "owner": "Gigahawk",
        "repo": "ssmm-mux",
        "rev": "2b61587dd7a96b71b6ba563d5abe469233de388b",
        "type": "github"
      },
      "original": {
        "owner": "Gigahawk",
        "repo": "ssmm-mux",
        "type": "github"
      }
    },
    "ssmm-patcher": {
      "inputs": {
        "flake-utils": "flake-utils_5",
        "nixpkgs": [
          "nixpkgs"
        ],
        "pyproject-build-systems": "pyproject-build-systems_2",
        "pyproject-nix": "pyproject-nix_2",
        "uv2nix": "uv2nix_2"
      },
      "locked": {
        "path": "./ssmm-patcher",
        "type": "path"
      },
      "original": {
        "path": "./ssmm-patcher",
        "type": "path"
      },
      "parent": []
    },
    "systems": {
      "locked": {
        "lastModified": 1681028828,
        "narHash": "sha256-Vy1rq5AaRuLzOxct8nz4T6wlgyUR7zLU309k9mBC768=",
        "owner": "nix-systems",
        "repo": "default",
        "rev": "da67096a3b9bf56a91d16901293e51ba5b49a27e",
        "type": "github"
      },
      "original": {
        "owner": "nix-systems",
        "repo": "default",
        "type": "github"
      }
    },
    "systems_2": {
      "locked": {
        "lastModified": 1681028828,
        "narHash": "sha256-Vy1rq5AaRuLzOxct8nz4T6wlgyUR7zLU309k9mBC768=",
        "owner": "nix-systems",
        "repo": "default",
        "rev": "da67096a3b9bf56a91d16901293e51ba5b49a27e",
        "type": "github"
      },
      "original": {
        "owner": "nix-systems",
        "repo": "default",
        "type": "github"
      }
    },
    "systems_3": {
      "locked": {
        "lastModified": 1681028828,
        "narHash": "sha256-Vy1rq5AaRuLzOxct8nz4T6wlgyUR7zLU309k9mBC768=",
        "owner": "nix-systems",
        "repo": "default",
        "rev": "da67096a3b9bf56a91d16901293e51ba5b49a27e",
        "type": "github"
      },
      "original": {
        "owner": "nix-systems",
        "repo": "default",
        "type": "github"
      }
    },
    "systems_4": {
      "locked": {
        "lastModified": 1681028828,
        "narHash": "sha256-Vy1rq5AaRuLzOxct8nz4T6wlgyUR7zLU309k9mBC768=",
        "owner": "nix-systems",
        "repo": "default",
        "rev": "da67096a3b9bf56a91d16901293e51ba5b49a27e",
        "type": "github"
      },
      "original": {
        "owner": "nix-systems",
        "repo": "default",
        "type": "github"
      }
    },
    "systems_5": {
      "locked": {
        "lastModified": 1681028828,
        "narHash": "sha256-Vy1rq5AaRuLzOxct8nz4T6wlgyUR7zLU309k9mBC768=",
        "owner": "nix-systems",
        "repo": "default",
        "rev": "da67096a3b9bf56a91d16901293e51ba5b49a27e",
        "type": "github"
      },
      "original": {
        "owner": "nix-systems",
        "repo": "default",
        "type": "github"
      }
    },
    "uv2nix": {
      "inputs": {
        "nixpkgs": [
          "ps2isopatcher",
          "nixpkgs"
        ],
        "pyproject-nix": [
          "ps2isopatcher",
          "pyproject-nix"
        ]
      },
      "locked": {
        "lastModified": 1748916602,
        "narHash": "sha256-GiwjjmPIISDFD0uQ1DqQ+/38hZ+2z1lTKVj/TkKaWwQ=",
        "owner": "pyproject-nix",
        "repo": "uv2nix",
        "rev": "a4dd471de62b27928191908f57bfcd702ec2bfc9",
        "type": "github"
      },
      "original": {
        "owner": "pyproject-nix",
        "repo": "uv2nix",
        "type": "github"
      }
    },
    "uv2nix_2": {
      "inputs": {
        "nixpkgs": [
          "ssmm-patcher",
          "nixpkgs"
        ],
        "pyproject-nix": [
          "ssmm-patcher",
          "pyproject-nix"
        ]
      },
      "locked": {
        "lastModified": 1748916602,
        "narHash": "sha256-GiwjjmPIISDFD0uQ1DqQ+/38hZ+2z1lTKVj/TkKaWwQ=",
        "owner": "pyproject-nix",
        "repo": "uv2nix",
        "rev": "a4dd471de62b27928191908f57bfcd702ec2bfc9",
        "type": "github"
      },
      "original": {
        "owner": "pyproject-nix",
        "repo": "uv2nix",
        "type": "github"
      }
    }
  },
  "root": "root",
  "version": 7
}
